<Solution>
  <Project Path="ConferenceManagement.Api/ConferenceManagement.Api.csproj" />
  <Project Path="ConferenceManagement.Application/ConferenceManagement.Application.csproj" />
  <Project Path="ConferenceManagement.Dal/ConferenceManagement.Dal.csproj" />
  <Project Path="ConferenceManagement.Domain/ConferenceManagement.Domain.csproj" />
</Solution>
